{
  "requires": true,
  "lockfileVersion": 1,
  "dependencies": {
    "@brainhubeu/react-carousel": {
      "version": "2.0.3",
      "resolved": "https://ic.correos.es/nexus/repository/ARQ-ReactApp-All/@brainhubeu/react-carousel/-/react-carousel-2.0.3.tgz",
      "integrity": "sha512-wwcAdWx5K6pPpVC4oZmXZeazCxFItfyizQoG1DI1QjlC2ragMEhexFSNGjB61q0foqCM3Vxim+mKHdbbmw52AQ=="
    }
  }
}
